<?xml version="1.0" encoding="utf-8"?>
<Project ToolsVersion="4.0" xmlns="http://schemas.microsoft.com/developer/msbuild/2003">
  <ItemGroup>
    <Filter Include="Source Files">
      <UniqueIdentifier>{5ddc9fe6-931d-4a01-b6ce-b5817a683f6a}</UniqueIdentifier>
      <Extensions>cpp;c;cxx;rc;def;r;odl;idl;hpj;bat</Extensions>
    </Filter>
    <Filter Include="Header Files">
      <UniqueIdentifier>{9ffbf1bb-9a0c-42e3-8588-029dcb06e0de}</UniqueIdentifier>
      <Extensions>h;hpp;hxx;hm;inl</Extensions>
    </Filter>
    <Filter Include="Resource Files">
      <UniqueIdentifier>{10cea148-f597-43d6-b151-60b16c5c864e}</UniqueIdentifier>
      <Extensions>ico;cur;bmp;dlg;rc2;rct;bin;rgs;gif;jpg;jpeg;jpe</Extensions>
    </Filter>
  </ItemGroup>
  <ItemGroup>
    <ClCompile Include="TransSmpte\Adder.cpp">
      <Filter>Source Files</Filter>
    </ClCompile>
    <ClCompile Include="TransSmpte\AudioSkipper.cpp">
      <Filter>Source Files</Filter>
    </ClCompile>
    <ClCompile Include="..\common\intervals.cpp">
      <Filter>Source Files</Filter>
    </ClCompile>
    <ClCompile Include="TransSmpte\NotesAdder.cpp">
      <Filter>Source Files</Filter>
    </ClCompile>
    <ClCompile Include="TransSmpte\Remover.cpp">
      <Filter>Source Files</Filter>
    </ClCompile>
    <ClCompile Include="RGBFilters.cpp">
      <Filter>Source Files</Filter>
    </ClCompile>
    <ClCompile Include="setup.cpp">
      <Filter>Source Files</Filter>
    </ClCompile>
    <ClCompile Include="TransSmpte\Synchronizer.cpp">
      <Filter>Source Files</Filter>
    </ClCompile>
    <ClCompile Include="TransSmpte\TimeRemover.cpp">
      <Filter>Source Files</Filter>
    </ClCompile>
    <ClCompile Include="TransSmpte\TransSmpte.cpp">
      <Filter>Source Files</Filter>
    </ClCompile>
    <ClCompile Include="..\common\utils.cpp">
      <Filter>Source Files</Filter>
    </ClCompile>
    <ClCompile Include="TransSmpte\WebinariaLogoFilter.cpp">
      <Filter>Source Files</Filter>
    </ClCompile>
  </ItemGroup>
  <ItemGroup>
    <ResourceCompile Include="resource.rc">
      <Filter>Source Files</Filter>
    </ResourceCompile>
  </ItemGroup>
  <ItemGroup>
    <None Include="RGBFilters.def">
      <Filter>Source Files</Filter>
    </None>
  </ItemGroup>
  <ItemGroup>
    <Midl Include="RGBFilters.idl">
      <Filter>Source Files</Filter>
    </Midl>
  </ItemGroup>
  <ItemGroup>
    <ClInclude Include="TransSmpte\Adder.h">
      <Filter>Header Files</Filter>
    </ClInclude>
    <ClInclude Include="TransSmpte\AudioSkipper.h">
      <Filter>Header Files</Filter>
    </ClInclude>
    <ClInclude Include="..\common\intervals.h">
      <Filter>Header Files</Filter>
    </ClInclude>
    <ClInclude Include="TransSmpte\NotesAdder.h">
      <Filter>Header Files</Filter>
    </ClInclude>
    <ClInclude Include="TransSmpte\Remover.h">
      <Filter>Header Files</Filter>
    </ClInclude>
    <ClInclude Include="resource.h">
      <Filter>Header Files</Filter>
    </ClInclude>
    <ClInclude Include="TransSmpte\Synchronizer.h">
      <Filter>Header Files</Filter>
    </ClInclude>
    <ClInclude Include="TransSmpte\TimelineFilter.h">
      <Filter>Header Files</Filter>
    </ClInclude>
    <ClInclude Include="TransSmpte\TimeRemover.h">
      <Filter>Header Files</Filter>
    </ClInclude>
    <ClInclude Include="TransSmpte\TransSmpte.h">
      <Filter>Header Files</Filter>
    </ClInclude>
    <ClInclude Include="..\common\utils.h">
      <Filter>Header Files</Filter>
    </ClInclude>
    <ClInclude Include="TransSmpte\WebinariaLogoFilter.h">
      <Filter>Header Files</Filter>
    </ClInclude>
  </ItemGroup>
  <ItemGroup>
    <Image Include="bitmap\logo8bit112x48.bmp">
      <Filter>Resource Files</Filter>
    </Image>
    <Image Include="bitmap\logo8bit176x78.bmp">
      <Filter>Resource Files</Filter>
    </Image>
  </ItemGroup>
</Project>